
Microsoft Visual Studio Solution File, Format Version 12.00
# Visual Studio 15
VisualStudioVersion = 15.0.28010.2041
MinimumVisualStudioVersion = 10.0.40219.1
Project("{FAE04EC0-301F-11D3-BF4B-00C04F79EFBC}") = "ATZ.ObjectCopy", "ATZ.ObjectCopy\ATZ.ObjectCopy.csproj", "{BDCC01F1-DE0B-4056-BE50-AE5A0BB91944}"
EndProject
Project("{FAE04EC0-301F-11D3-BF4B-00C04F79EFBC}") = "ATZ.ObjectCopy.Tests", "ATZ.ObjectCopy.Tests\ATZ.ObjectCopy.Tests.csproj", "{F694D4D3-ABAA-490B-BC33-015D9430A467}"
EndProject
Project("{2150E333-8FDC-42A3-9474-1A3956D46DE8}") = "Solution Items", "Solution Items", "{D6D58D81-504B-4E6E-9A23-1C55C5DB451B}"
	ProjectSection(SolutionItems) = preProject
		AssemblyVersion.cs = AssemblyVersion.cs
		ATZ.ObjectCopy.xml = ATZ.ObjectCopy.xml
	EndProjectSection
EndProject
Global
	GlobalSection(SolutionConfigurationPlatforms) = preSolution
		Debug|Any CPU = Debug|Any CPU
		Release|Any CPU = Release|Any CPU
	EndGlobalSection
	GlobalSection(ProjectConfigurationPlatforms) = postSolution
		{BDCC01F1-DE0B-4056-BE50-AE5A0BB91944}.Debug|Any CPU.ActiveCfg = Debug|Any CPU
		{BDCC01F1-DE0B-4056-BE50-AE5A0BB91944}.Debug|Any CPU.Build.0 = Debug|Any CPU
		{BDCC01F1-DE0B-4056-BE50-AE5A0BB91944}.Release|Any CPU.ActiveCfg = Release|Any CPU
		{BDCC01F1-DE0B-4056-BE50-AE5A0BB91944}.Release|Any CPU.Build.0 = Release|Any CPU
		{F694D4D3-ABAA-490B-BC33-015D9430A467}.Debug|Any CPU.ActiveCfg = Debug|Any CPU
		{F694D4D3-ABAA-490B-BC33-015D9430A467}.Debug|Any CPU.Build.0 = Debug|Any CPU
		{F694D4D3-ABAA-490B-BC33-015D9430A467}.Release|Any CPU.ActiveCfg = Release|Any CPU
		{F694D4D3-ABAA-490B-BC33-015D9430A467}.Release|Any CPU.Build.0 = Release|Any CPU
	EndGlobalSection
	GlobalSection(SolutionProperties) = preSolution
		HideSolutionNode = FALSE
	EndGlobalSection
	GlobalSection(ExtensibilityGlobals) = postSolution
		SolutionGuid = {8B253391-6C87-467E-AC71-ECFB7DCCB9C1}
	EndGlobalSection
EndGlobal
